
Microsoft Visual Studio Solution File, Format Version 12.00
# Visual Studio Version 17
VisualStudioVersion = 17.11.35222.181
MinimumVisualStudioVersion = 10.0.40219.1
Project("{FAE04EC0-301F-11D3-BF4B-00C04F79EFBC}") = "yummyApp", "yummyApp.csproj", "{CA6FEF95-A641-475C-9562-2E8B94DC96F5}"
EndProject
Project("{FAE04EC0-301F-11D3-BF4B-00C04F79EFBC}") = "ReportDesigner", "..\TmpToDelete\ReportDesigner\ReportDesigner.csproj", "{D59AD0EC-E0F6-4C30-9BA5-18A507F043F5}"
EndProject
Global
	GlobalSection(SolutionConfigurationPlatforms) = preSolution
		Debug|Any CPU = Debug|Any CPU
		Release|Any CPU = Release|Any CPU
	EndGlobalSection
	GlobalSection(ProjectConfigurationPlatforms) = postSolution
		{CA6FEF95-A641-475C-9562-2E8B94DC96F5}.Debug|Any CPU.ActiveCfg = Debug|Any CPU
		{CA6FEF95-A641-475C-9562-2E8B94DC96F5}.Debug|Any CPU.Build.0 = Debug|Any CPU
		{CA6FEF95-A641-475C-9562-2E8B94DC96F5}.Release|Any CPU.ActiveCfg = Release|Any CPU
		{CA6FEF95-A641-475C-9562-2E8B94DC96F5}.Release|Any CPU.Build.0 = Release|Any CPU
		{D59AD0EC-E0F6-4C30-9BA5-18A507F043F5}.Debug|Any CPU.ActiveCfg = Debug|Any CPU
		{D59AD0EC-E0F6-4C30-9BA5-18A507F043F5}.Debug|Any CPU.Build.0 = Debug|Any CPU
		{D59AD0EC-E0F6-4C30-9BA5-18A507F043F5}.Release|Any CPU.ActiveCfg = Release|Any CPU
		{D59AD0EC-E0F6-4C30-9BA5-18A507F043F5}.Release|Any CPU.Build.0 = Release|Any CPU
	EndGlobalSection
	GlobalSection(SolutionProperties) = preSolution
		HideSolutionNode = FALSE
	EndGlobalSection
	GlobalSection(ExtensibilityGlobals) = postSolution
		SolutionGuid = {7ACF72E0-5210-457D-A847-97285F8BCF73}
	EndGlobalSection
EndGlobal
